// !$*UTF8*$!
{
	archiveVersion = 1;
	classes = {
	};
	objectVersion = 46;
	objects = {

/* Begin PBXBuildFile section */
		446D1036387DB387D28932CE /* Pods_CheckInPro.framework in Frameworks */ = {isa = PBXBuildFile; fileRef = B0B152ABC728775F6B3AC48B /* Pods_CheckInPro.framework */; };
		990C36201DD0B851004C3122 /* Post.swift in Sources */ = {isa = PBXBuildFile; fileRef = 990C361F1DD0B851004C3122 /* Post.swift */; };
		9956AAD11DD05CFB00EE94FC /* AppDelegate.swift in Sources */ = {isa = PBXBuildFile; fileRef = 9956AAD01DD05CFB00EE94FC /* AppDelegate.swift */; };
		9956AAD31DD05CFB00EE94FC /* ViewController.swift in Sources */ = {isa = PBXBuildFile; fileRef = 9956AAD21DD05CFB00EE94FC /* ViewController.swift */; };
		9956AAD61DD05CFB00EE94FC /* Main.storyboard in Resources */ = {isa = PBXBuildFile; fileRef = 9956AAD41DD05CFB00EE94FC /* Main.storyboard */; };
		9956AAD81DD05CFB00EE94FC /* Assets.xcassets in Resources */ = {isa = PBXBuildFile; fileRef = 9956AAD71DD05CFB00EE94FC /* Assets.xcassets */; };
		9956AADB1DD05CFB00EE94FC /* LaunchScreen.storyboard in Resources */ = {isa = PBXBuildFile; fileRef = 9956AAD91DD05CFB00EE94FC /* LaunchScreen.storyboard */; };
		999910981DD1AF2900D84A1F /* TwitterClient.swift in Sources */ = {isa = PBXBuildFile; fileRef = 999910971DD1AF2900D84A1F /* TwitterClient.swift */; };
		9999109A1DD1AF3100D84A1F /* FacebookClient.swift in Sources */ = {isa = PBXBuildFile; fileRef = 999910991DD1AF3100D84A1F /* FacebookClient.swift */; };
		9999109C1DD1AF9500D84A1F /* WeiboClient.swift in Sources */ = {isa = PBXBuildFile; fileRef = 9999109B1DD1AF9500D84A1F /* WeiboClient.swift */; };
/* End PBXBuildFile section */

/* Begin PBXFileReference section */
		17C632DCE7A5A2E925D272EB /* Pods-CheckInPro.debug.xcconfig */ = {isa = PBXFileReference; includeInIndex = 1; lastKnownFileType = text.xcconfig; name = "Pods-CheckInPro.debug.xcconfig"; path = "Pods/Target Support Files/Pods-CheckInPro/Pods-CheckInPro.debug.xcconfig"; sourceTree = "<group>"; };
		568AC113884C01C5EE98830F /* Pods-CheckInPro.release.xcconfig */ = {isa = PBXFileReference; includeInIndex = 1; lastKnownFileType = text.xcconfig; name = "Pods-CheckInPro.release.xcconfig"; path = "Pods/Target Support Files/Pods-CheckInPro/Pods-CheckInPro.release.xcconfig"; sourceTree = "<group>"; };
		990C361F1DD0B851004C3122 /* Post.swift */ = {isa = PBXFileReference; fileEncoding = 4; lastKnownFileType = sourcecode.swift; path = Post.swift; sourceTree = "<group>"; };
		9956AACD1DD05CFB00EE94FC /* CheckInPro.app */ = {isa = PBXFileReference; explicitFileType = wrapper.application; includeInIndex = 0; path = CheckInPro.app; sourceTree = BUILT_PRODUCTS_DIR; };
		9956AAD01DD05CFB00EE94FC /* AppDelegate.swift */ = {isa = PBXFileReference; lastKnownFileType = sourcecode.swift; path = AppDelegate.swift; sourceTree = "<group>"; };
		9956AAD21DD05CFB00EE94FC /* ViewController.swift */ = {isa = PBXFileReference; lastKnownFileType = sourcecode.swift; path = ViewController.swift; sourceTree = "<group>"; };
		9956AAD51DD05CFB00EE94FC /* Base */ = {isa = PBXFileReference; lastKnownFileType = file.storyboard; name = Base; path = Base.lproj/Main.storyboard; sourceTree = "<group>"; };
		9956AAD71DD05CFB00EE94FC /* Assets.xcassets */ = {isa = PBXFileReference; lastKnownFileType = folder.assetcatalog; path = Assets.xcassets; sourceTree = "<group>"; };
		9956AADA1DD05CFB00EE94FC /* Base */ = {isa = PBXFileReference; lastKnownFileType = file.storyboard; name = Base; path = Base.lproj/LaunchScreen.storyboard; sourceTree = "<group>"; };
		9956AADC1DD05CFB00EE94FC /* Info.plist */ = {isa = PBXFileReference; lastKnownFileType = text.plist.xml; path = Info.plist; sourceTree = "<group>"; };
		999910971DD1AF2900D84A1F /* TwitterClient.swift */ = {isa = PBXFileReference; fileEncoding = 4; lastKnownFileType = sourcecode.swift; path = TwitterClient.swift; sourceTree = "<group>"; };
		999910991DD1AF3100D84A1F /* FacebookClient.swift */ = {isa = PBXFileReference; fileEncoding = 4; lastKnownFileType = sourcecode.swift; path = FacebookClient.swift; sourceTree = "<group>"; };
		9999109B1DD1AF9500D84A1F /* WeiboClient.swift */ = {isa = PBXFileReference; fileEncoding = 4; lastKnownFileType = sourcecode.swift; path = WeiboClient.swift; sourceTree = "<group>"; };
		B0B152ABC728775F6B3AC48B /* Pods_CheckInPro.framework */ = {isa = PBXFileReference; explicitFileType = wrapper.framework; includeInIndex = 0; path = Pods_CheckInPro.framework; sourceTree = BUILT_PRODUCTS_DIR; };
/* End PBXFileReference section */

/* Begin PBXFrameworksBuildPhase section */
		9956AACA1DD05CFB00EE94FC /* Frameworks */ = {
			isa = PBXFrameworksBuildPhase;
			buildActionMask = 2147483647;
			files = (
				446D1036387DB387D28932CE /* Pods_CheckInPro.framework in Frameworks */,
			);
			runOnlyForDeploymentPostprocessing = 0;
		};
/* End PBXFrameworksBuildPhase section */

/* Begin PBXGroup section */
		8D288FAC5D5ECC6440433FE6 /* Pods */ = {
			isa = PBXGroup;
			children = (
				17C632DCE7A5A2E925D272EB /* Pods-CheckInPro.debug.xcconfig */,
				568AC113884C01C5EE98830F /* Pods-CheckInPro.release.xcconfig */,
			);
			name = Pods;
			sourceTree = "<group>";
		};
		990C361D1DD0B837004C3122 /* Model */ = {
			isa = PBXGroup;
			children = (
				990C361F1DD0B851004C3122 /* Post.swift */,
			);
			name = Model;
			sourceTree = "<group>";
		};
		990C361E1DD0B83C004C3122 /* Service */ = {
			isa = PBXGroup;
			children = (
				999910971DD1AF2900D84A1F /* TwitterClient.swift */,
				999910991DD1AF3100D84A1F /* FacebookClient.swift */,
				9999109B1DD1AF9500D84A1F /* WeiboClient.swift */,
			);
			name = Service;
			sourceTree = "<group>";
		};
		9956AAC41DD05CFB00EE94FC = {
			isa = PBXGroup;
			children = (
				9956AACF1DD05CFB00EE94FC /* CheckInPro */,
				9956AACE1DD05CFB00EE94FC /* Products */,
				8D288FAC5D5ECC6440433FE6 /* Pods */,
				A6A6F0245AE125AD86CA7583 /* Frameworks */,
			);
			sourceTree = "<group>";
		};
		9956AACE1DD05CFB00EE94FC /* Products */ = {
			isa = PBXGroup;
			children = (
				9956AACD1DD05CFB00EE94FC /* CheckInPro.app */,
			);
			name = Products;
			sourceTree = "<group>";
		};
		9956AACF1DD05CFB00EE94FC /* CheckInPro */ = {
			isa = PBXGroup;
			children = (
				990C361E1DD0B83C004C3122 /* Service */,
				990C361D1DD0B837004C3122 /* Model */,
				9956AAD01DD05CFB00EE94FC /* AppDelegate.swift */,
				9956AAD21DD05CFB00EE94FC /* ViewController.swift */,
				9956AAD41DD05CFB00EE94FC /* Main.storyboard */,
				9956AAD71DD05CFB00EE94FC /* Assets.xcassets */,
				9956AAD91DD05CFB00EE94FC /* LaunchScreen.storyboard */,
				9956AADC1DD05CFB00EE94FC /* Info.plist */,
			);
			path = CheckInPro;
			sourceTree = "<group>";
		};
		A6A6F0245AE125AD86CA7583 /* Frameworks */ = {
			isa = PBXGroup;
			children = (
				B0B152ABC728775F6B3AC48B /* Pods_CheckInPro.framework */,
			);
			name = Frameworks;
			sourceTree = "<group>";
		};
/* End PBXGroup section */

/* Begin PBXNativeTarget section */
		9956AACC1DD05CFB00EE94FC /* CheckInPro */ = {
			isa = PBXNativeTarget;
			buildConfigurationList = 9956AADF1DD05CFB00EE94FC /* Build configuration list for PBXNativeTarget "CheckInPro" */;
			buildPhases = (
				9FD02CA3958CC215F7A135C4 /* [CP] Check Pods Manifest.lock */,
				9956AAC91DD05CFB00EE94FC /* Sources */,
				9956AACA1DD05CFB00EE94FC /* Frameworks */,
				9956AACB1DD05CFB00EE94FC /* Resources */,
				868362A29B9D6DB4BDFCCE07 /* [CP] Embed Pods Frameworks */,
				4E3C1D7178C9FED3C4F53B1C /* [CP] Copy Pods Resources */,
			);
			buildRules = (
			);
			dependencies = (
			);
			name = CheckInPro;
			productName = CheckInPro;
			productReference = 9956AACD1DD05CFB00EE94FC /* CheckInPro.app */;
			productType = "com.apple.product-type.application";
		};
/* End PBXNativeTarget section */

/* Begin PBXProject section */
		9956AAC51DD05CFB00EE94FC /* Project object */ = {
			isa = PBXProject;
			attributes = {
				LastSwiftUpdateCheck = 0800;
				LastUpgradeCheck = 0800;
				ORGANIZATIONNAME = coderschool;
				TargetAttributes = {
					9956AACC1DD05CFB00EE94FC = {
						CreatedOnToolsVersion = 8.0;
						ProvisioningStyle = Automatic;
					};
				};
			};
			buildConfigurationList = 9956AAC81DD05CFB00EE94FC /* Build configuration list for PBXProject "CheckInPro" */;
			compatibilityVersion = "Xcode 3.2";
			developmentRegion = English;
			hasScannedForEncodings = 0;
			knownRegions = (
				en,
				Base,
			);
			mainGroup = 9956AAC41DD05CFB00EE94FC;
			productRefGroup = 9956AACE1DD05CFB00EE94FC /* Products */;
			projectDirPath = "";
			projectRoot = "";
			targets = (
				9956AACC1DD05CFB00EE94FC /* CheckInPro */,
			);
		};
/* End PBXProject section */

/* Begin PBXResourcesBuildPhase section */
		9956AACB1DD05CFB00EE94FC /* Resources */ = {
			isa = PBXResourcesBuildPhase;
			buildActionMask = 2147483647;
			files = (
				9956AADB1DD05CFB00EE94FC /* LaunchScreen.storyboard in Resources */,
				9956AAD81DD05CFB00EE94FC /* Assets.xcassets in Resources */,
				9956AAD61DD05CFB00EE94FC /* Main.storyboard in Resources */,
			);
			runOnlyForDeploymentPostprocessing = 0;
		};
/* End PBXResourcesBuildPhase section */

/* Begin PBXShellScriptBuildPhase section */
		4E3C1D7178C9FED3C4F53B1C /* [CP] Copy Pods Resources */ = {
			isa = PBXShellScriptBuildPhase;
			buildActionMask = 2147483647;
			files = (
			);
			inputPaths = (
			);
			name = "[CP] Copy Pods Resources";
			outputPaths = (
			);
			runOnlyForDeploymentPostprocessing = 0;
			shellPath = /bin/sh;
			shellScript = "\"${SRCROOT}/Pods/Target Support Files/Pods-CheckInPro/Pods-CheckInPro-resources.sh\"\n";
			showEnvVarsInLog = 0;
		};
		868362A29B9D6DB4BDFCCE07 /* [CP] Embed Pods Frameworks */ = {
			isa = PBXShellScriptBuildPhase;
			buildActionMask = 2147483647;
			files = (
			);
			inputPaths = (
			);
			name = "[CP] Embed Pods Frameworks";
			outputPaths = (
			);
			runOnlyForDeploymentPostprocessing = 0;
			shellPath = /bin/sh;
			shellScript = "\"${SRCROOT}/Pods/Target Support Files/Pods-CheckInPro/Pods-CheckInPro-frameworks.sh\"\n";
			showEnvVarsInLog = 0;
		};
		9FD02CA3958CC215F7A135C4 /* [CP] Check Pods Manifest.lock */ = {
			isa = PBXShellScriptBuildPhase;
			buildActionMask = 2147483647;
			files = (
			);
			inputPaths = (
			);
			name = "[CP] Check Pods Manifest.lock";
			outputPaths = (
			);
			runOnlyForDeploymentPostprocessing = 0;
			shellPath = /bin/sh;
			shellScript = "diff \"${PODS_ROOT}/../Podfile.lock\" \"${PODS_ROOT}/Manifest.lock\" > /dev/null\nif [ $? != 0 ] ; then\n    # print error to STDERR\n    echo \"error: The sandbox is not in sync with the Podfile.lock. Run 'pod install' or update your CocoaPods installation.\" >&2\n    exit 1\nfi\n";
			showEnvVarsInLog = 0;
		};
/* End PBXShellScriptBuildPhase section */

/* Begin PBXSourcesBuildPhase section */
		9956AAC91DD05CFB00EE94FC /* Sources */ = {
			isa = PBXSourcesBuildPhase;
			buildActionMask = 2147483647;
			files = (
				999910981DD1AF2900D84A1F /* TwitterClient.swift in Sources */,
				9999109C1DD1AF9500D84A1F /* WeiboClient.swift in Sources */,
				990C36201DD0B851004C3122 /* Post.swift in Sources */,
				9956AAD31DD05CFB00EE94FC /* ViewController.swift in Sources */,
				9999109A1DD1AF3100D84A1F /* FacebookClient.swift in Sources */,
				9956AAD11DD05CFB00EE94FC /* AppDelegate.swift in Sources */,
			);
			runOnlyForDeploymentPostprocessing = 0;
		};
/* End PBXSourcesBuildPhase section */

/* Begin PBXVariantGroup section */
		9956AAD41DD05CFB00EE94FC /* Main.storyboard */ = {
			isa = PBXVariantGroup;
			children = (
				9956AAD51DD05CFB00EE94FC /* Base */,
			);
			name = Main.storyboard;
			sourceTree = "<group>";
		};
		9956AAD91DD05CFB00EE94FC /* LaunchScreen.storyboard */ = {
			isa = PBXVariantGroup;
			children = (
				9956AADA1DD05CFB00EE94FC /* Base */,
			);
			name = LaunchScreen.storyboard;
			sourceTree = "<group>";
		};
/* End PBXVariantGroup section */

/* Begin XCBuildConfiguration section */
		9956AADD1DD05CFB00EE94FC /* Debug */ = {
			isa = XCBuildConfiguration;
			buildSettings = {
				ALWAYS_SEARCH_USER_PATHS = NO;
				CLANG_ANALYZER_NONNULL = YES;
				CLANG_CXX_LANGUAGE_STANDARD = "gnu++0x";
				CLANG_CXX_LIBRARY = "libc++";
				CLANG_ENABLE_MODULES = YES;
				CLANG_ENABLE_OBJC_ARC = YES;
				CLANG_WARN_BOOL_CONVERSION = YES;
				CLANG_WARN_CONSTANT_CONVERSION = YES;
				CLANG_WARN_DIRECT_OBJC_ISA_USAGE = YES_ERROR;
				CLANG_WARN_DOCUMENTATION_COMMENTS = YES;
				CLANG_WARN_EMPTY_BODY = YES;
				CLANG_WARN_ENUM_CONVERSION = YES;
				CLANG_WARN_INFINITE_RECURSION = YES;
				CLANG_WARN_INT_CONVERSION = YES;
				CLANG_WARN_OBJC_ROOT_CLASS = YES_ERROR;
				CLANG_WARN_SUSPICIOUS_MOVES = YES;
				CLANG_WARN_UNREACHABLE_CODE = YES;
				CLANG_WARN__DUPLICATE_METHOD_MATCH = YES;
				"CODE_SIGN_IDENTITY[sdk=iphoneos*]" = "iPhone Developer";
				COPY_PHASE_STRIP = NO;
				DEBUG_INFORMATION_FORMAT = dwarf;
				ENABLE_STRICT_OBJC_MSGSEND = YES;
				ENABLE_TESTABILITY = YES;
				GCC_C_LANGUAGE_STANDARD = gnu99;
				GCC_DYNAMIC_NO_PIC = NO;
				GCC_NO_COMMON_BLOCKS = YES;
				GCC_OPTIMIZATION_LEVEL = 0;
				GCC_PREPROCESSOR_DEFINITIONS = (
					"DEBUG=1",
					"$(inherited)",
				);
				GCC_WARN_64_TO_32_BIT_CONVERSION = YES;
				GCC_WARN_ABOUT_RETURN_TYPE = YES_ERROR;
				GCC_WARN_UNDECLARED_SELECTOR = YES;
				GCC_WARN_UNINITIALIZED_AUTOS = YES_AGGRESSIVE;
				GCC_WARN_UNUSED_FUNCTION = YES;
				GCC_WARN_UNUSED_VARIABLE = YES;
				IPHONEOS_DEPLOYMENT_TARGET = 10.0;
				MTL_ENABLE_DEBUG_INFO = YES;
				ONLY_ACTIVE_ARCH = YES;
				SDKROOT = iphoneos;
				SWIFT_ACTIVE_COMPILATION_CONDITIONS = DEBUG;
				SWIFT_OPTIMIZATION_LEVEL = "-Onone";
			};
			name = Debug;
		};
		9956AADE1DD05CFB00EE94FC /* Release */ = {
			isa = XCBuildConfiguration;
			buildSettings = {
				ALWAYS_SEARCH_USER_PATHS = NO;
				CLANG_ANALYZER_NONNULL = YES;
				CLANG_CXX_LANGUAGE_STANDARD = "gnu++0x";
				CLANG_CXX_LIBRARY = "libc++";
				CLANG_ENABLE_MODULES = YES;
				CLANG_ENABLE_OBJC_ARC = YES;
				CLANG_WARN_BOOL_CONVERSION = YES;
				CLANG_WARN_CONSTANT_CONVERSION = YES;
				CLANG_WARN_DIRECT_OBJC_ISA_USAGE = YES_ERROR;
				CLANG_WARN_DOCUMENTATION_COMMENTS = YES;
				CLANG_WARN_EMPTY_BODY = YES;
				CLANG_WARN_ENUM_CONVERSION = YES;
				CLANG_WARN_INFINITE_RECURSION = YES;
				CLANG_WARN_INT_CONVERSION = YES;
				CLANG_WARN_OBJC_ROOT_CLASS = YES_ERROR;
				CLANG_WARN_SUSPICIOUS_MOVES = YES;
				CLANG_WARN_UNREACHABLE_CODE = YES;
				CLANG_WARN__DUPLICATE_METHOD_MATCH = YES;
				"CODE_SIGN_IDENTITY[sdk=iphoneos*]" = "iPhone Developer";
				COPY_PHASE_STRIP = NO;
				DEBUG_INFORMATION_FORMAT = "dwarf-with-dsym";
				ENABLE_NS_ASSERTIONS = NO;
				ENABLE_STRICT_OBJC_MSGSEND = YES;
				GCC_C_LANGUAGE_STANDARD = gnu99;
				GCC_NO_COMMON_BLOCKS = YES;
				GCC_WARN_64_TO_32_BIT_CONVERSION = YES;
				GCC_WARN_ABOUT_RETURN_TYPE = YES_ERROR;
				GCC_WARN_UNDECLARED_SELECTOR = YES;
				GCC_WARN_UNINITIALIZED_AUTOS = YES_AGGRESSIVE;
				GCC_WARN_UNUSED_FUNCTION = YES;
				GCC_WARN_UNUSED_VARIABLE = YES;
				IPHONEOS_DEPLOYMENT_TARGET = 10.0;
				MTL_ENABLE_DEBUG_INFO = NO;
				SDKROOT = iphoneos;
				SWIFT_OPTIMIZATION_LEVEL = "-Owholemodule";
				VALIDATE_PRODUCT = YES;
			};
			name = Release;
		};
		9956AAE01DD05CFB00EE94FC /* Debug */ = {
			isa = XCBuildConfiguration;
			baseConfigurationReference = 17C632DCE7A5A2E925D272EB /* Pods-CheckInPro.debug.xcconfig */;
			buildSettings = {
				ASSETCATALOG_COMPILER_APPICON_NAME = AppIcon;
				INFOPLIST_FILE = CheckInPro/Info.plist;
				LD_RUNPATH_SEARCH_PATHS = "$(inherited) @executable_path/Frameworks";
				PRODUCT_BUNDLE_IDENTIFIER = vn.coderschool.CheckInPro;
				PRODUCT_NAME = "$(TARGET_NAME)";
				SWIFT_VERSION = 3.0;
			};
			name = Debug;
		};
		9956AAE11DD05CFB00EE94FC /* Release */ = {
			isa = XCBuildConfiguration;
			baseConfigurationReference = 568AC113884C01C5EE98830F /* Pods-CheckInPro.release.xcconfig */;
			buildSettings = {
				ASSETCATALOG_COMPILER_APPICON_NAME = AppIcon;
				INFOPLIST_FILE = CheckInPro/Info.plist;
				LD_RUNPATH_SEARCH_PATHS = "$(inherited) @executable_path/Frameworks";
				PRODUCT_BUNDLE_IDENTIFIER = vn.coderschool.CheckInPro;
				PRODUCT_NAME = "$(TARGET_NAME)";
				SWIFT_VERSION = 3.0;
			};
			name = Release;
		};
/* End XCBuildConfiguration section */

/* Begin XCConfigurationList section */
		9956AAC81DD05CFB00EE94FC /* Build configuration list for PBXProject "CheckInPro" */ = {
			isa = XCConfigurationList;
			buildConfigurations = (
				9956AADD1DD05CFB00EE94FC /* Debug */,
				9956AADE1DD05CFB00EE94FC /* Release */,
			);
			defaultConfigurationIsVisible = 0;
			defaultConfigurationName = Release;
		};
		9956AADF1DD05CFB00EE94FC /* Build configuration list for PBXNativeTarget "CheckInPro" */ = {
			isa = XCConfigurationList;
			buildConfigurations = (
				9956AAE01DD05CFB00EE94FC /* Debug */,
				9956AAE11DD05CFB00EE94FC /* Release */,
			);
			defaultConfigurationIsVisible = 0;
			defaultConfigurationName = Release;
		};
/* End XCConfigurationList section */
	};
	rootObject = 9956AAC51DD05CFB00EE94FC /* Project object */;
}
